{
  "version": 4,
  "terraform_version": "0.12.7",
  "serial": 28,
  "lineage": "f44c3089-b146-f5ad-4643-8c1c6306c2f3",
  "outputs": {},
  "resources": [
    {
      "mode": "managed",
      "type": "azurerm_availability_set",
      "name": "http",
      "provider": "provider.azurerm",
      "instances": [
        {
          "schema_version": 0,
          "attributes": {
            "id": "/subscriptions/111f4101-1f5e-4e75-aa5f-f95a332f165a/resourceGroups/rg-test1/providers/Microsoft.Compute/availabilitySets/acceptanceTestAvailabilitySet1",
            "location": "eastus",
            "managed": true,
            "name": "acceptanceTestAvailabilitySet1",
            "platform_fault_domain_count": 3,
            "platform_update_domain_count": 5,
            "proximity_placement_group_id": null,
            "resource_group_name": "rg-test1",
            "tags": {
              "environment": "DemoTest"
            }
          },
          "private": "bnVsbA==",
          "depends_on": [
            "azurerm_resource_group.generic"
          ]
        }
      ]
    },
    {
      "mode": "managed",
      "type": "azurerm_lb_backend_address_pool",
      "name": "http",
      "provider": "provider.azurerm",
      "instances": []
    },
    {
      "mode": "managed",
      "type": "azurerm_lb_outbound_rule",
      "name": "http",
      "provider": "provider.azurerm",
      "instances": []
    },
    {
      "mode": "managed",
      "type": "azurerm_lb_probe",
      "name": "http",
      "provider": "provider.azurerm",
      "instances": []
    },
    {
      "mode": "managed",
      "type": "azurerm_lb_rule",
      "name": "http",
      "provider": "provider.azurerm",
      "instances": []
    },
    {
      "mode": "managed",
      "type": "azurerm_network_interface",
      "name": "http",
      "provider": "provider.azurerm",
      "instances": [
        {
          "schema_version": 0,
          "attributes": {
            "applied_dns_servers": [],
            "dns_servers": [],
            "enable_accelerated_networking": false,
            "enable_ip_forwarding": false,
            "id": "/subscriptions/111f4101-1f5e-4e75-aa5f-f95a332f165a/resourceGroups/rg-test1/providers/Microsoft.Network/networkInterfaces/http-nic",
            "internal_dns_name_label": "",
            "internal_fqdn": "",
            "ip_configuration": [
              {
                "application_gateway_backend_address_pools_ids": [],
                "application_security_group_ids": [],
                "load_balancer_backend_address_pools_ids": [],
                "load_balancer_inbound_nat_rules_ids": [],
                "name": "testconfiguration",
                "primary": true,
                "private_ip_address": "10.0.2.4",
                "private_ip_address_allocation": "dynamic",
                "private_ip_address_version": "IPv4",
                "public_ip_address_id": "/subscriptions/111f4101-1f5e-4e75-aa5f-f95a332f165a/resourceGroups/rg-test1/providers/Microsoft.Network/publicIPAddresses/http-pip",
                "subnet_id": "/subscriptions/111f4101-1f5e-4e75-aa5f-f95a332f165a/resourceGroups/rg-test1/providers/Microsoft.Network/virtualNetworks/network-generic/subnets/subnet-http"
              }
            ],
            "location": "eastus",
            "mac_address": "",
            "name": "http-nic",
            "network_security_group_id": "",
            "private_ip_address": "10.0.2.4",
            "private_ip_addresses": [
              "10.0.2.4"
            ],
            "resource_group_name": "rg-test1",
            "tags": {},
            "virtual_machine_id": null
          },
          "private": "bnVsbA==",
          "depends_on": [
            "azurerm_public_ip.http",
            "azurerm_resource_group.generic",
            "azurerm_subnet.http"
          ]
        }
      ]
    },
    {
      "mode": "managed",
      "type": "azurerm_network_interface_backend_address_pool_association",
      "name": "http",
      "provider": "provider.azurerm",
      "instances": []
    },
    {
      "mode": "managed",
      "type": "azurerm_network_interface_backend_address_pool_association",
      "name": "http1",
      "provider": "provider.azurerm",
      "instances": []
    },
    {
      "mode": "managed",
      "type": "azurerm_network_security_group",
      "name": "http",
      "provider": "provider.azurerm",
      "instances": [
        {
          "schema_version": 0,
          "attributes": {
            "id": "/subscriptions/111f4101-1f5e-4e75-aa5f-f95a332f165a/resourceGroups/rg-test1/providers/Microsoft.Network/networkSecurityGroups/http",
            "location": "eastus",
            "name": "http",
            "resource_group_name": "rg-test1",
            "security_rule": [
              {
                "access": "Allow",
                "description": "Allow HTTP access",
                "destination_address_prefix": "*",
                "destination_address_prefixes": [],
                "destination_application_security_group_ids": [],
                "destination_port_range": "80",
                "destination_port_ranges": [],
                "direction": "Inbound",
                "name": "http",
                "priority": 110,
                "protocol": "Tcp",
                "source_address_prefix": "*",
                "source_address_prefixes": [],
                "source_application_security_group_ids": [],
                "source_port_range": "*",
                "source_port_ranges": []
              },
              {
                "access": "Allow",
                "description": "Allow SSH access",
                "destination_address_prefix": "*",
                "destination_address_prefixes": [],
                "destination_application_security_group_ids": [],
                "destination_port_range": "22",
                "destination_port_ranges": [],
                "direction": "Inbound",
                "name": "ssh",
                "priority": 100,
                "protocol": "Tcp",
                "source_address_prefix": "*",
                "source_address_prefixes": [],
                "source_application_security_group_ids": [],
                "source_port_range": "*",
                "source_port_ranges": []
              }
            ],
            "tags": {}
          },
          "private": "bnVsbA==",
          "depends_on": [
            "azurerm_resource_group.generic"
          ]
        }
      ]
    },
    {
      "mode": "managed",
      "type": "azurerm_public_ip",
      "name": "http",
      "provider": "provider.azurerm",
      "instances": [
        {
          "schema_version": 0,
          "attributes": {
            "allocation_method": "Dynamic",
            "domain_name_label": null,
            "fqdn": null,
            "id": "/subscriptions/111f4101-1f5e-4e75-aa5f-f95a332f165a/resourceGroups/rg-test1/providers/Microsoft.Network/publicIPAddresses/http-pip",
            "idle_timeout_in_minutes": 4,
            "ip_address": "",
            "ip_version": "IPv4",
            "location": "eastus",
            "name": "http-pip",
            "public_ip_address_allocation": "Dynamic",
            "public_ip_prefix_id": null,
            "resource_group_name": "rg-test1",
            "reverse_fqdn": null,
            "sku": "Basic",
            "tags": {},
            "zones": null
          },
          "private": "bnVsbA==",
          "depends_on": [
            "azurerm_resource_group.generic"
          ]
        }
      ]
    },
    {
      "mode": "managed",
      "type": "azurerm_public_ip",
      "name": "http1",
      "provider": "provider.azurerm",
      "instances": [
        {
          "schema_version": 0,
          "attributes": {
            "allocation_method": "Dynamic",
            "domain_name_label": null,
            "fqdn": null,
            "id": "/subscriptions/111f4101-1f5e-4e75-aa5f-f95a332f165a/resourceGroups/rg-test1/providers/Microsoft.Network/publicIPAddresses/http-pip1",
            "idle_timeout_in_minutes": 4,
            "ip_address": "",
            "ip_version": "IPv4",
            "location": "eastus",
            "name": "http-pip1",
            "public_ip_address_allocation": "Dynamic",
            "public_ip_prefix_id": null,
            "resource_group_name": "rg-test1",
            "reverse_fqdn": null,
            "sku": "Basic",
            "tags": {},
            "zones": null
          },
          "private": "bnVsbA==",
          "depends_on": [
            "azurerm_resource_group.generic"
          ]
        }
      ]
    },
    {
      "mode": "managed",
      "type": "azurerm_public_ip",
      "name": "httplb",
      "provider": "provider.azurerm",
      "instances": [
        {
          "schema_version": 0,
          "attributes": {
            "allocation_method": "Static",
            "domain_name_label": null,
            "fqdn": null,
            "id": "/subscriptions/111f4101-1f5e-4e75-aa5f-f95a332f165a/resourceGroups/rg-test1/providers/Microsoft.Network/publicIPAddresses/PublicIPForLB",
            "idle_timeout_in_minutes": 4,
            "ip_address": "40.121.94.214",
            "ip_version": "IPv4",
            "location": "eastus",
            "name": "PublicIPForLB",
            "public_ip_address_allocation": "Static",
            "public_ip_prefix_id": null,
            "resource_group_name": "rg-test1",
            "reverse_fqdn": null,
            "sku": "Basic",
            "tags": {},
            "zones": null
          },
          "private": "bnVsbA==",
          "depends_on": [
            "azurerm_resource_group.generic"
          ]
        }
      ]
    },
    {
      "mode": "managed",
      "type": "azurerm_resource_group",
      "name": "generic",
      "provider": "provider.azurerm",
      "instances": [
        {
          "schema_version": 0,
          "attributes": {
            "id": "/subscriptions/111f4101-1f5e-4e75-aa5f-f95a332f165a/resourceGroups/rg-test1",
            "location": "eastus",
            "name": "rg-test1",
            "tags": {}
          },
          "private": "bnVsbA=="
        }
      ]
    },
    {
      "mode": "managed",
      "type": "azurerm_storage_account",
      "name": "http",
      "provider": "provider.azurerm",
      "instances": [
        {
          "schema_version": 2,
          "attributes": {
            "access_tier": "",
            "account_encryption_source": "Microsoft.Storage",
            "account_kind": "Storage",
            "account_replication_type": "LRS",
            "account_tier": "Standard",
            "account_type": "Standard_LRS",
            "custom_domain": [],
            "enable_advanced_threat_protection": false,
            "enable_blob_encryption": true,
            "enable_file_encryption": true,
            "enable_https_traffic_only": false,
            "id": "/subscriptions/111f4101-1f5e-4e75-aa5f-f95a332f165a/resourceGroups/rg-test1/providers/Microsoft.Storage/storageAccounts/diag64cd72d4dc37f55e",
            "identity": [],
            "is_hns_enabled": false,
            "location": "eastus",
            "name": "diag64cd72d4dc37f55e",
            "network_rules": [],
            "primary_access_key": "2jSKIUlAGsPw2ceqJLie+lxdvOoHUdD1Q+wAI8rGraSiB7KBuKx1S3UdwcSnrtxqzv8TrE9WwfDL5sQH0hd5Uw==",
            "primary_blob_connection_string": "DefaultEndpointsProtocol=https;BlobEndpoint=https://diag64cd72d4dc37f55e.blob.core.windows.net/;AccountName=diag64cd72d4dc37f55e;AccountKey=2jSKIUlAGsPw2ceqJLie+lxdvOoHUdD1Q+wAI8rGraSiB7KBuKx1S3UdwcSnrtxqzv8TrE9WwfDL5sQH0hd5Uw==",
            "primary_blob_endpoint": "https://diag64cd72d4dc37f55e.blob.core.windows.net/",
            "primary_blob_host": "diag64cd72d4dc37f55e.blob.core.windows.net",
            "primary_connection_string": "DefaultEndpointsProtocol=https;AccountName=diag64cd72d4dc37f55e;AccountKey=2jSKIUlAGsPw2ceqJLie+lxdvOoHUdD1Q+wAI8rGraSiB7KBuKx1S3UdwcSnrtxqzv8TrE9WwfDL5sQH0hd5Uw==;EndpointSuffix=core.windows.net",
            "primary_dfs_endpoint": "",
            "primary_dfs_host": "",
            "primary_file_endpoint": "https://diag64cd72d4dc37f55e.file.core.windows.net/",
            "primary_file_host": "diag64cd72d4dc37f55e.file.core.windows.net",
            "primary_location": "eastus",
            "primary_queue_endpoint": "https://diag64cd72d4dc37f55e.queue.core.windows.net/",
            "primary_queue_host": "diag64cd72d4dc37f55e.queue.core.windows.net",
            "primary_table_endpoint": "https://diag64cd72d4dc37f55e.table.core.windows.net/",
            "primary_table_host": "diag64cd72d4dc37f55e.table.core.windows.net",
            "primary_web_endpoint": "",
            "primary_web_host": "",
            "queue_properties": [
              {
                "cors_rule": [],
                "hour_metrics": [
                  {
                    "enabled": true,
                    "include_apis": true,
                    "retention_policy_days": 7,
                    "version": "1.0"
                  }
                ],
                "logging": [
                  {
                    "delete": false,
                    "read": false,
                    "retention_policy_days": 0,
                    "version": "1.0",
                    "write": false
                  }
                ],
                "minute_metrics": [
                  {
                    "enabled": false,
                    "include_apis": false,
                    "retention_policy_days": 0,
                    "version": "1.0"
                  }
                ]
              }
            ],
            "resource_group_name": "rg-test1",
            "secondary_access_key": "jLoyePrJJ7jEcWD+V0SdNuT/NxuMyqg+1gduSaGQFmNO1Trj3Xc+i/85H5k4FRabwmOoBGAz5JMiXcK+fCmz1Q==",
            "secondary_blob_connection_string": "",
            "secondary_blob_endpoint": null,
            "secondary_blob_host": null,
            "secondary_connection_string": "DefaultEndpointsProtocol=https;AccountName=diag64cd72d4dc37f55e;AccountKey=jLoyePrJJ7jEcWD+V0SdNuT/NxuMyqg+1gduSaGQFmNO1Trj3Xc+i/85H5k4FRabwmOoBGAz5JMiXcK+fCmz1Q==;EndpointSuffix=core.windows.net",
            "secondary_dfs_endpoint": null,
            "secondary_dfs_host": null,
            "secondary_file_endpoint": null,
            "secondary_file_host": null,
            "secondary_location": "",
            "secondary_queue_endpoint": null,
            "secondary_queue_host": null,
            "secondary_table_endpoint": null,
            "secondary_table_host": null,
            "secondary_web_endpoint": null,
            "secondary_web_host": null,
            "tags": {
              "environment": "Terraform Demo"
            }
          },
          "private": "eyJzY2hlbWFfdmVyc2lvbiI6IjIifQ==",
          "depends_on": [
            "azurerm_resource_group.generic",
            "random_id.randomId"
          ]
        }
      ]
    },
    {
      "mode": "managed",
      "type": "azurerm_subnet",
      "name": "http",
      "provider": "provider.azurerm",
      "instances": [
        {
          "schema_version": 0,
          "attributes": {
            "address_prefix": "10.0.2.0/24",
            "delegation": [],
            "enforce_private_link_endpoint_network_policies": false,
            "enforce_private_link_service_network_policies": false,
            "id": "/subscriptions/111f4101-1f5e-4e75-aa5f-f95a332f165a/resourceGroups/rg-test1/providers/Microsoft.Network/virtualNetworks/network-generic/subnets/subnet-http",
            "ip_configurations": [],
            "name": "subnet-http",
            "network_security_group_id": "",
            "resource_group_name": "rg-test1",
            "route_table_id": "",
            "service_endpoints": null,
            "virtual_network_name": "network-generic"
          },
          "private": "bnVsbA==",
          "depends_on": [
            "azurerm_resource_group.generic",
            "azurerm_virtual_network.generic"
          ]
        }
      ]
    },
    {
      "mode": "managed",
      "type": "azurerm_virtual_machine",
      "name": "http",
      "provider": "provider.azurerm",
      "instances": [
        {
          "schema_version": 0,
          "attributes": {
            "additional_capabilities": [],
            "availability_set_id": "/subscriptions/111f4101-1f5e-4e75-aa5f-f95a332f165a/resourcegroups/rg-test1/providers/microsoft.compute/availabilitysets/acceptancetestavailabilityset1",
            "boot_diagnostics": [
              {
                "enabled": true,
                "storage_uri": "https://diag64cd72d4dc37f55e.blob.core.windows.net/"
              }
            ],
            "delete_data_disks_on_termination": true,
            "delete_os_disk_on_termination": true,
            "id": "/subscriptions/111f4101-1f5e-4e75-aa5f-f95a332f165a/resourceGroups/rg-test1/providers/Microsoft.Compute/virtualMachines/vm-http",
            "identity": [],
            "license_type": null,
            "location": "eastus",
            "name": "vm-http",
            "network_interface_ids": [
              "/subscriptions/111f4101-1f5e-4e75-aa5f-f95a332f165a/resourceGroups/rg-test1/providers/Microsoft.Network/networkInterfaces/http-nic"
            ],
            "os_profile": [
              {
                "admin_password": "Password1234!",
                "admin_username": "testadmin",
                "computer_name": "hostname",
                "custom_data": "03a44e18765f6f8661f725feecc47ebf1d0b624d"
              }
            ],
            "os_profile_linux_config": [
              {
                "disable_password_authentication": false,
                "ssh_keys": []
              }
            ],
            "os_profile_secrets": [],
            "os_profile_windows_config": [],
            "plan": [],
            "primary_network_interface_id": null,
            "proximity_placement_group_id": null,
            "resource_group_name": "rg-test1",
            "storage_data_disk": [],
            "storage_image_reference": [
              {
                "id": "",
                "offer": "UbuntuServer",
                "publisher": "Canonical",
                "sku": "18.04-LTS",
                "version": "latest"
              }
            ],
            "storage_os_disk": [
              {
                "caching": "ReadWrite",
                "create_option": "FromImage",
                "disk_size_gb": 30,
                "image_uri": "",
                "managed_disk_id": "/subscriptions/111f4101-1f5e-4e75-aa5f-f95a332f165a/resourceGroups/RG-TEST1/providers/Microsoft.Compute/disks/myosdisk",
                "managed_disk_type": "Standard_LRS",
                "name": "myosdisk",
                "os_type": "Linux",
                "vhd_uri": "",
                "write_accelerator_enabled": false
              }
            ],
            "tags": {
              "environment": "Terraform Demo"
            },
            "vm_size": "Standard_B1S",
            "zones": null
          },
          "private": "bnVsbA==",
          "depends_on": [
            "azurerm_availability_set.http",
            "azurerm_network_interface.http",
            "azurerm_resource_group.generic",
            "azurerm_storage_account.http"
          ]
        }
      ]
    },
    {
      "mode": "managed",
      "type": "azurerm_virtual_machine",
      "name": "http1",
      "provider": "provider.azurerm",
      "instances": []
    },
    {
      "mode": "managed",
      "type": "azurerm_virtual_network",
      "name": "generic",
      "provider": "provider.azurerm",
      "instances": [
        {
          "schema_version": 0,
          "attributes": {
            "address_space": [
              "10.0.0.0/16"
            ],
            "ddos_protection_plan": [],
            "dns_servers": null,
            "id": "/subscriptions/111f4101-1f5e-4e75-aa5f-f95a332f165a/resourceGroups/rg-test1/providers/Microsoft.Network/virtualNetworks/network-generic",
            "location": "eastus",
            "name": "network-generic",
            "resource_group_name": "rg-test1",
            "subnet": [],
            "tags": {}
          },
          "private": "bnVsbA==",
          "depends_on": [
            "azurerm_resource_group.generic"
          ]
        }
      ]
    },
    {
      "mode": "managed",
      "type": "random_id",
      "name": "randomId",
      "provider": "provider.random",
      "instances": [
        {
          "schema_version": 0,
          "attributes": {
            "b64": "ZM1y1Nw39V4",
            "b64_std": "ZM1y1Nw39V4=",
            "b64_url": "ZM1y1Nw39V4",
            "byte_length": 8,
            "dec": "7263588032571766110",
            "hex": "64cd72d4dc37f55e",
            "id": "ZM1y1Nw39V4",
            "keepers": {
              "resource_group": "rg-test1"
            },
            "prefix": null
          },
          "private": "bnVsbA==",
          "depends_on": [
            "azurerm_resource_group.generic"
          ]
        }
      ]
    }
  ]
}
