{
  "version": 4,
  "terraform_version": "0.12.7",
  "serial": 17,
  "lineage": "f44c3089-b146-f5ad-4643-8c1c6306c2f3",
  "outputs": {},
  "resources": [
    {
      "mode": "managed",
      "type": "azurerm_availability_set",
      "name": "http",
      "provider": "provider.azurerm",
      "instances": [
        {
          "schema_version": 0,
          "attributes": {
            "id": "/subscriptions/111f4101-1f5e-4e75-aa5f-f95a332f165a/resourceGroups/rg-test1/providers/Microsoft.Compute/availabilitySets/acceptanceTestAvailabilitySet1",
            "location": "eastus",
            "managed": true,
            "name": "acceptanceTestAvailabilitySet1",
            "platform_fault_domain_count": 3,
            "platform_update_domain_count": 5,
            "proximity_placement_group_id": null,
            "resource_group_name": "rg-test1",
            "tags": {
              "environment": "DemoTest"
            }
          },
          "private": "bnVsbA==",
          "depends_on": [
            "azurerm_resource_group.generic"
          ]
        }
      ]
    },
    {
      "mode": "managed",
      "type": "azurerm_lb",
      "name": "http",
      "provider": "provider.azurerm",
      "instances": [
        {
          "schema_version": 0,
          "attributes": {
            "frontend_ip_configuration": [
              {
                "id": "/subscriptions/111f4101-1f5e-4e75-aa5f-f95a332f165a/resourceGroups/rg-test1/providers/Microsoft.Network/loadBalancers/TestLoadBalancer/frontendIPConfigurations/PublicIPAddress",
                "inbound_nat_rules": [],
                "load_balancer_rules": [],
                "name": "PublicIPAddress",
                "outbound_rules": [],
                "private_ip_address": "10.0.2.5",
                "private_ip_address_allocation": "Dynamic",
                "public_ip_address_id": "",
                "public_ip_prefix_id": "",
                "subnet_id": "/subscriptions/111f4101-1f5e-4e75-aa5f-f95a332f165a/resourceGroups/rg-test1/providers/Microsoft.Network/virtualNetworks/network-generic/subnets/subnet-http",
                "zones": null
              }
            ],
            "id": "/subscriptions/111f4101-1f5e-4e75-aa5f-f95a332f165a/resourceGroups/rg-test1/providers/Microsoft.Network/loadBalancers/TestLoadBalancer",
            "location": "eastus",
            "name": "TestLoadBalancer",
            "private_ip_address": "10.0.2.5",
            "private_ip_addresses": [
              "10.0.2.5"
            ],
            "resource_group_name": "rg-test1",
            "sku": "Standard",
            "tags": {}
          },
          "private": "bnVsbA==",
          "depends_on": [
            "azurerm_resource_group.generic",
            "azurerm_subnet.http"
          ]
        }
      ]
    },
    {
      "mode": "managed",
      "type": "azurerm_lb_backend_address_pool",
      "name": "http",
      "provider": "provider.azurerm",
      "instances": [
        {
          "schema_version": 0,
          "attributes": {
            "backend_ip_configurations": [],
            "id": "/subscriptions/111f4101-1f5e-4e75-aa5f-f95a332f165a/resourceGroups/rg-test1/providers/Microsoft.Network/loadBalancers/TestLoadBalancer/backendAddressPools/BackEndAddressPool",
            "load_balancing_rules": [],
            "loadbalancer_id": "/subscriptions/111f4101-1f5e-4e75-aa5f-f95a332f165a/resourceGroups/rg-test1/providers/Microsoft.Network/loadBalancers/TestLoadBalancer",
            "location": null,
            "name": "BackEndAddressPool",
            "resource_group_name": "rg-test1"
          },
          "private": "bnVsbA==",
          "depends_on": [
            "azurerm_lb.http",
            "azurerm_resource_group.generic"
          ]
        }
      ]
    },
    {
      "mode": "managed",
      "type": "azurerm_lb_probe",
      "name": "http",
      "provider": "provider.azurerm",
      "instances": [
        {
          "schema_version": 0,
          "attributes": {
            "id": "/subscriptions/111f4101-1f5e-4e75-aa5f-f95a332f165a/resourceGroups/rg-test1/providers/Microsoft.Network/loadBalancers/TestLoadBalancer/probes/ssh-running-probe",
            "interval_in_seconds": 15,
            "load_balancer_rules": [],
            "loadbalancer_id": "/subscriptions/111f4101-1f5e-4e75-aa5f-f95a332f165a/resourceGroups/rg-test1/providers/Microsoft.Network/loadBalancers/TestLoadBalancer",
            "location": null,
            "name": "ssh-running-probe",
            "number_of_probes": 2,
            "port": 22,
            "protocol": "Tcp",
            "request_path": "",
            "resource_group_name": "rg-test1"
          },
          "private": "bnVsbA==",
          "depends_on": [
            "azurerm_lb.http",
            "azurerm_resource_group.generic"
          ]
        }
      ]
    },
    {
      "mode": "managed",
      "type": "azurerm_lb_rule",
      "name": "http",
      "provider": "provider.azurerm",
      "instances": [
        {
          "schema_version": 0,
          "attributes": {
            "backend_address_pool_id": null,
            "backend_port": 3389,
            "disable_outbound_snat": false,
            "enable_floating_ip": false,
            "frontend_ip_configuration_id": "/subscriptions/111f4101-1f5e-4e75-aa5f-f95a332f165a/resourceGroups/rg-test1/providers/Microsoft.Network/loadBalancers/TestLoadBalancer/frontendIPConfigurations/PublicIPAddress",
            "frontend_ip_configuration_name": "PublicIPAddress",
            "frontend_port": 3389,
            "id": "/subscriptions/111f4101-1f5e-4e75-aa5f-f95a332f165a/resourceGroups/rg-test1/providers/Microsoft.Network/loadBalancers/TestLoadBalancer/loadBalancingRules/LBRule",
            "idle_timeout_in_minutes": 4,
            "load_distribution": "Default",
            "loadbalancer_id": "/subscriptions/111f4101-1f5e-4e75-aa5f-f95a332f165a/resourceGroups/rg-test1/providers/Microsoft.Network/loadBalancers/TestLoadBalancer",
            "location": null,
            "name": "LBRule",
            "probe_id": null,
            "protocol": "Tcp",
            "resource_group_name": "rg-test1"
          },
          "private": "bnVsbA==",
          "depends_on": [
            "azurerm_lb.http",
            "azurerm_resource_group.generic"
          ]
        }
      ]
    },
    {
      "mode": "managed",
      "type": "azurerm_network_interface",
      "name": "http",
      "provider": "provider.azurerm",
      "instances": [
        {
          "schema_version": 0,
          "attributes": {
            "applied_dns_servers": [],
            "dns_servers": [],
            "enable_accelerated_networking": false,
            "enable_ip_forwarding": false,
            "id": "/subscriptions/111f4101-1f5e-4e75-aa5f-f95a332f165a/resourceGroups/rg-test1/providers/Microsoft.Network/networkInterfaces/http-nic",
            "internal_dns_name_label": "",
            "internal_fqdn": "",
            "ip_configuration": [
              {
                "application_gateway_backend_address_pools_ids": [],
                "application_security_group_ids": [],
                "load_balancer_backend_address_pools_ids": [],
                "load_balancer_inbound_nat_rules_ids": [],
                "name": "testconfiguration",
                "primary": true,
                "private_ip_address": "10.0.2.4",
                "private_ip_address_allocation": "dynamic",
                "private_ip_address_version": "IPv4",
                "public_ip_address_id": "/subscriptions/111f4101-1f5e-4e75-aa5f-f95a332f165a/resourceGroups/rg-test1/providers/Microsoft.Network/publicIPAddresses/http-pip",
                "subnet_id": "/subscriptions/111f4101-1f5e-4e75-aa5f-f95a332f165a/resourceGroups/rg-test1/providers/Microsoft.Network/virtualNetworks/network-generic/subnets/subnet-http"
              }
            ],
            "location": "eastus",
            "mac_address": "",
            "name": "http-nic",
            "network_security_group_id": "",
            "private_ip_address": "10.0.2.4",
            "private_ip_addresses": [
              "10.0.2.4"
            ],
            "resource_group_name": "rg-test1",
            "tags": {},
            "virtual_machine_id": null
          },
          "private": "bnVsbA==",
          "depends_on": [
            "azurerm_public_ip.http",
            "azurerm_resource_group.generic",
            "azurerm_subnet.http"
          ]
        }
      ]
    },
    {
      "mode": "managed",
      "type": "azurerm_network_interface",
      "name": "http1",
      "provider": "provider.azurerm",
      "instances": [
        {
          "schema_version": 0,
          "attributes": {
            "applied_dns_servers": [],
            "dns_servers": [],
            "enable_accelerated_networking": false,
            "enable_ip_forwarding": false,
            "id": "/subscriptions/111f4101-1f5e-4e75-aa5f-f95a332f165a/resourceGroups/rg-test1/providers/Microsoft.Network/networkInterfaces/http-nic",
            "internal_dns_name_label": "",
            "internal_fqdn": "",
            "ip_configuration": [
              {
                "application_gateway_backend_address_pools_ids": [],
                "application_security_group_ids": [],
                "load_balancer_backend_address_pools_ids": [],
                "load_balancer_inbound_nat_rules_ids": [],
                "name": "testconfiguration1",
                "primary": true,
                "private_ip_address": "10.0.2.6",
                "private_ip_address_allocation": "dynamic",
                "private_ip_address_version": "IPv4",
                "public_ip_address_id": "/subscriptions/111f4101-1f5e-4e75-aa5f-f95a332f165a/resourceGroups/rg-test1/providers/Microsoft.Network/publicIPAddresses/http-pip",
                "subnet_id": "/subscriptions/111f4101-1f5e-4e75-aa5f-f95a332f165a/resourceGroups/rg-test1/providers/Microsoft.Network/virtualNetworks/network-generic/subnets/subnet-http"
              }
            ],
            "location": "eastus",
            "mac_address": "",
            "name": "http-nic",
            "network_security_group_id": "",
            "private_ip_address": "10.0.2.6",
            "private_ip_addresses": [
              "10.0.2.6"
            ],
            "resource_group_name": "rg-test1",
            "tags": {},
            "virtual_machine_id": null
          },
          "private": "bnVsbA==",
          "depends_on": [
            "azurerm_public_ip.http",
            "azurerm_resource_group.generic",
            "azurerm_subnet.http"
          ]
        }
      ]
    },
    {
      "mode": "managed",
      "type": "azurerm_network_security_group",
      "name": "http",
      "provider": "provider.azurerm",
      "instances": [
        {
          "schema_version": 0,
          "attributes": {
            "id": "/subscriptions/111f4101-1f5e-4e75-aa5f-f95a332f165a/resourceGroups/rg-test1/providers/Microsoft.Network/networkSecurityGroups/http",
            "location": "eastus",
            "name": "http",
            "resource_group_name": "rg-test1",
            "security_rule": [
              {
                "access": "Allow",
                "description": "Allow HTTP access",
                "destination_address_prefix": "*",
                "destination_address_prefixes": [],
                "destination_application_security_group_ids": [],
                "destination_port_range": "80",
                "destination_port_ranges": [],
                "direction": "Inbound",
                "name": "http",
                "priority": 110,
                "protocol": "Tcp",
                "source_address_prefix": "*",
                "source_address_prefixes": [],
                "source_application_security_group_ids": [],
                "source_port_range": "*",
                "source_port_ranges": []
              },
              {
                "access": "Allow",
                "description": "Allow SSH access",
                "destination_address_prefix": "*",
                "destination_address_prefixes": [],
                "destination_application_security_group_ids": [],
                "destination_port_range": "22",
                "destination_port_ranges": [],
                "direction": "Inbound",
                "name": "ssh",
                "priority": 100,
                "protocol": "Tcp",
                "source_address_prefix": "*",
                "source_address_prefixes": [],
                "source_application_security_group_ids": [],
                "source_port_range": "*",
                "source_port_ranges": []
              }
            ],
            "tags": {}
          },
          "private": "bnVsbA==",
          "depends_on": [
            "azurerm_resource_group.generic"
          ]
        }
      ]
    },
    {
      "mode": "managed",
      "type": "azurerm_public_ip",
      "name": "http",
      "provider": "provider.azurerm",
      "instances": [
        {
          "schema_version": 0,
          "attributes": {
            "allocation_method": "Dynamic",
            "domain_name_label": null,
            "fqdn": null,
            "id": "/subscriptions/111f4101-1f5e-4e75-aa5f-f95a332f165a/resourceGroups/rg-test1/providers/Microsoft.Network/publicIPAddresses/http-pip",
            "idle_timeout_in_minutes": 4,
            "ip_address": "",
            "ip_version": "IPv4",
            "location": "eastus",
            "name": "http-pip",
            "public_ip_address_allocation": "Dynamic",
            "public_ip_prefix_id": null,
            "resource_group_name": "rg-test1",
            "reverse_fqdn": null,
            "sku": "Basic",
            "tags": {},
            "zones": null
          },
          "private": "bnVsbA==",
          "depends_on": [
            "azurerm_resource_group.generic"
          ]
        }
      ]
    },
    {
      "mode": "managed",
      "type": "azurerm_public_ip",
      "name": "http1",
      "provider": "provider.azurerm",
      "instances": [
        {
          "schema_version": 0,
          "attributes": {
            "allocation_method": "Dynamic",
            "domain_name_label": null,
            "fqdn": null,
            "id": "/subscriptions/111f4101-1f5e-4e75-aa5f-f95a332f165a/resourceGroups/rg-test1/providers/Microsoft.Network/publicIPAddresses/http-pip",
            "idle_timeout_in_minutes": 4,
            "ip_address": "",
            "ip_version": "IPv4",
            "location": "eastus",
            "name": "http-pip",
            "public_ip_address_allocation": "Dynamic",
            "public_ip_prefix_id": null,
            "resource_group_name": "rg-test1",
            "reverse_fqdn": null,
            "sku": "Basic",
            "tags": {},
            "zones": null
          },
          "private": "bnVsbA==",
          "depends_on": [
            "azurerm_resource_group.generic"
          ]
        }
      ]
    },
    {
      "mode": "managed",
      "type": "azurerm_public_ip",
      "name": "httplb",
      "provider": "provider.azurerm",
      "instances": [
        {
          "schema_version": 0,
          "attributes": {
            "allocation_method": "Static",
            "domain_name_label": null,
            "fqdn": null,
            "id": "/subscriptions/111f4101-1f5e-4e75-aa5f-f95a332f165a/resourceGroups/rg-test1/providers/Microsoft.Network/publicIPAddresses/PublicIPForLB",
            "idle_timeout_in_minutes": 4,
            "ip_address": "40.121.60.163",
            "ip_version": "IPv4",
            "location": "eastus",
            "name": "PublicIPForLB",
            "public_ip_address_allocation": "Static",
            "public_ip_prefix_id": null,
            "resource_group_name": "rg-test1",
            "reverse_fqdn": null,
            "sku": "Basic",
            "tags": {},
            "zones": null
          },
          "private": "bnVsbA==",
          "depends_on": [
            "azurerm_resource_group.generic"
          ]
        }
      ]
    },
    {
      "mode": "managed",
      "type": "azurerm_resource_group",
      "name": "generic",
      "provider": "provider.azurerm",
      "instances": [
        {
          "schema_version": 0,
          "attributes": {
            "id": "/subscriptions/111f4101-1f5e-4e75-aa5f-f95a332f165a/resourceGroups/rg-test1",
            "location": "eastus",
            "name": "rg-test1",
            "tags": {}
          },
          "private": "bnVsbA=="
        }
      ]
    },
    {
      "mode": "managed",
      "type": "azurerm_storage_account",
      "name": "http",
      "provider": "provider.azurerm",
      "instances": [
        {
          "schema_version": 2,
          "attributes": {
            "access_tier": "",
            "account_encryption_source": "Microsoft.Storage",
            "account_kind": "Storage",
            "account_replication_type": "LRS",
            "account_tier": "Standard",
            "account_type": "Standard_LRS",
            "custom_domain": [],
            "enable_advanced_threat_protection": false,
            "enable_blob_encryption": true,
            "enable_file_encryption": true,
            "enable_https_traffic_only": false,
            "id": "/subscriptions/111f4101-1f5e-4e75-aa5f-f95a332f165a/resourceGroups/rg-test1/providers/Microsoft.Storage/storageAccounts/diag64cd72d4dc37f55e",
            "identity": [],
            "is_hns_enabled": false,
            "location": "eastus",
            "name": "diag64cd72d4dc37f55e",
            "network_rules": [],
            "primary_access_key": "I0InSEqB3Vv25SAqEJh9rj7JzSKPphnPDAhACJOkWvPlyIqx6iUKoWS0ah5JDV4BR+6ednsuAbO95Lu8cNDk1w==",
            "primary_blob_connection_string": "DefaultEndpointsProtocol=https;BlobEndpoint=https://diag64cd72d4dc37f55e.blob.core.windows.net/;AccountName=diag64cd72d4dc37f55e;AccountKey=I0InSEqB3Vv25SAqEJh9rj7JzSKPphnPDAhACJOkWvPlyIqx6iUKoWS0ah5JDV4BR+6ednsuAbO95Lu8cNDk1w==",
            "primary_blob_endpoint": "https://diag64cd72d4dc37f55e.blob.core.windows.net/",
            "primary_blob_host": "diag64cd72d4dc37f55e.blob.core.windows.net",
            "primary_connection_string": "DefaultEndpointsProtocol=https;AccountName=diag64cd72d4dc37f55e;AccountKey=I0InSEqB3Vv25SAqEJh9rj7JzSKPphnPDAhACJOkWvPlyIqx6iUKoWS0ah5JDV4BR+6ednsuAbO95Lu8cNDk1w==;EndpointSuffix=core.windows.net",
            "primary_dfs_endpoint": "",
            "primary_dfs_host": "",
            "primary_file_endpoint": "https://diag64cd72d4dc37f55e.file.core.windows.net/",
            "primary_file_host": "diag64cd72d4dc37f55e.file.core.windows.net",
            "primary_location": "eastus",
            "primary_queue_endpoint": "https://diag64cd72d4dc37f55e.queue.core.windows.net/",
            "primary_queue_host": "diag64cd72d4dc37f55e.queue.core.windows.net",
            "primary_table_endpoint": "https://diag64cd72d4dc37f55e.table.core.windows.net/",
            "primary_table_host": "diag64cd72d4dc37f55e.table.core.windows.net",
            "primary_web_endpoint": "",
            "primary_web_host": "",
            "queue_properties": [
              {
                "cors_rule": [],
                "hour_metrics": [
                  {
                    "enabled": true,
                    "include_apis": true,
                    "retention_policy_days": 7,
                    "version": "1.0"
                  }
                ],
                "logging": [
                  {
                    "delete": false,
                    "read": false,
                    "retention_policy_days": 0,
                    "version": "1.0",
                    "write": false
                  }
                ],
                "minute_metrics": [
                  {
                    "enabled": false,
                    "include_apis": false,
                    "retention_policy_days": 0,
                    "version": "1.0"
                  }
                ]
              }
            ],
            "resource_group_name": "rg-test1",
            "secondary_access_key": "3dtnod5F4BAIbDw9umyBmFxdZVgyeHB7c6mLyB1bB8ksl3O2YmlHGiUvBAQqMJQufdfJQEBFWgbt+CkiGEa85g==",
            "secondary_blob_connection_string": "",
            "secondary_blob_endpoint": null,
            "secondary_blob_host": null,
            "secondary_connection_string": "DefaultEndpointsProtocol=https;AccountName=diag64cd72d4dc37f55e;AccountKey=3dtnod5F4BAIbDw9umyBmFxdZVgyeHB7c6mLyB1bB8ksl3O2YmlHGiUvBAQqMJQufdfJQEBFWgbt+CkiGEa85g==;EndpointSuffix=core.windows.net",
            "secondary_dfs_endpoint": null,
            "secondary_dfs_host": null,
            "secondary_file_endpoint": null,
            "secondary_file_host": null,
            "secondary_location": "",
            "secondary_queue_endpoint": null,
            "secondary_queue_host": null,
            "secondary_table_endpoint": null,
            "secondary_table_host": null,
            "secondary_web_endpoint": null,
            "secondary_web_host": null,
            "tags": {
              "environment": "Terraform Demo"
            }
          },
          "private": "eyJzY2hlbWFfdmVyc2lvbiI6IjIifQ==",
          "depends_on": [
            "azurerm_resource_group.generic",
            "random_id.randomId"
          ]
        }
      ]
    },
    {
      "mode": "managed",
      "type": "azurerm_subnet",
      "name": "http",
      "provider": "provider.azurerm",
      "instances": [
        {
          "schema_version": 0,
          "attributes": {
            "address_prefix": "10.0.2.0/24",
            "delegation": [],
            "enforce_private_link_endpoint_network_policies": false,
            "enforce_private_link_service_network_policies": false,
            "id": "/subscriptions/111f4101-1f5e-4e75-aa5f-f95a332f165a/resourceGroups/rg-test1/providers/Microsoft.Network/virtualNetworks/network-generic/subnets/subnet-http",
            "ip_configurations": [],
            "name": "subnet-http",
            "network_security_group_id": "",
            "resource_group_name": "rg-test1",
            "route_table_id": "",
            "service_endpoints": null,
            "virtual_network_name": "network-generic"
          },
          "private": "bnVsbA==",
          "depends_on": [
            "azurerm_resource_group.generic",
            "azurerm_virtual_network.generic"
          ]
        }
      ]
    },
    {
      "mode": "managed",
      "type": "azurerm_virtual_network",
      "name": "generic",
      "provider": "provider.azurerm",
      "instances": [
        {
          "schema_version": 0,
          "attributes": {
            "address_space": [
              "10.0.0.0/16"
            ],
            "ddos_protection_plan": [],
            "dns_servers": null,
            "id": "/subscriptions/111f4101-1f5e-4e75-aa5f-f95a332f165a/resourceGroups/rg-test1/providers/Microsoft.Network/virtualNetworks/network-generic",
            "location": "eastus",
            "name": "network-generic",
            "resource_group_name": "rg-test1",
            "subnet": [],
            "tags": {}
          },
          "private": "bnVsbA==",
          "depends_on": [
            "azurerm_resource_group.generic"
          ]
        }
      ]
    },
    {
      "mode": "managed",
      "type": "random_id",
      "name": "randomId",
      "provider": "provider.random",
      "instances": [
        {
          "schema_version": 0,
          "attributes": {
            "b64": "ZM1y1Nw39V4",
            "b64_std": "ZM1y1Nw39V4=",
            "b64_url": "ZM1y1Nw39V4",
            "byte_length": 8,
            "dec": "7263588032571766110",
            "hex": "64cd72d4dc37f55e",
            "id": "ZM1y1Nw39V4",
            "keepers": {
              "resource_group": "rg-test1"
            },
            "prefix": null
          },
          "private": "bnVsbA==",
          "depends_on": [
            "azurerm_resource_group.generic"
          ]
        }
      ]
    }
  ]
}
