{
  "version": 4,
  "terraform_version": "0.12.12",
  "serial": 8,
  "lineage": "a45168b1-439c-65f6-4706-1265785a70f8",
  "outputs": {},
  "resources": [
    {
      "mode": "managed",
      "type": "azurerm_network_interface",
      "name": "http",
      "provider": "provider.azurerm",
      "instances": [
        {
          "schema_version": 0,
          "attributes": {
            "applied_dns_servers": [],
            "dns_servers": [],
            "enable_accelerated_networking": false,
            "enable_ip_forwarding": false,
            "id": "/subscriptions/111f4101-1f5e-4e75-aa5f-f95a332f165a/resourceGroups/rg-test1/providers/Microsoft.Network/networkInterfaces/http-nic",
            "internal_dns_name_label": "",
            "internal_fqdn": "",
            "ip_configuration": [
              {
                "application_gateway_backend_address_pools_ids": [],
                "application_security_group_ids": [],
                "load_balancer_backend_address_pools_ids": [],
                "load_balancer_inbound_nat_rules_ids": [],
                "name": "testconfiguration1",
                "primary": true,
                "private_ip_address": "10.0.2.4",
                "private_ip_address_allocation": "dynamic",
                "private_ip_address_version": "IPv4",
                "public_ip_address_id": "/subscriptions/111f4101-1f5e-4e75-aa5f-f95a332f165a/resourceGroups/rg-test1/providers/Microsoft.Network/publicIPAddresses/http-pip",
                "subnet_id": "/subscriptions/111f4101-1f5e-4e75-aa5f-f95a332f165a/resourceGroups/rg-test1/providers/Microsoft.Network/virtualNetworks/network-generic/subnets/subnet-http"
              }
            ],
            "location": "northeurope",
            "mac_address": "",
            "name": "http-nic",
            "network_security_group_id": "",
            "private_ip_address": "10.0.2.4",
            "private_ip_addresses": [
              "10.0.2.4"
            ],
            "resource_group_name": "rg-test1",
            "tags": {},
            "virtual_machine_id": null
          },
          "private": "bnVsbA==",
          "depends_on": [
            "azurerm_public_ip.http",
            "azurerm_resource_group.generic",
            "azurerm_subnet.http"
          ]
        }
      ]
    },
    {
      "mode": "managed",
      "type": "azurerm_network_security_group",
      "name": "http",
      "provider": "provider.azurerm",
      "instances": [
        {
          "schema_version": 0,
          "attributes": {
            "id": "/subscriptions/111f4101-1f5e-4e75-aa5f-f95a332f165a/resourceGroups/rg-test1/providers/Microsoft.Network/networkSecurityGroups/http",
            "location": "northeurope",
            "name": "http",
            "resource_group_name": "rg-test1",
            "security_rule": [
              {
                "access": "Allow",
                "description": "Allow HTTP access",
                "destination_address_prefix": "*",
                "destination_address_prefixes": [],
                "destination_application_security_group_ids": [],
                "destination_port_range": "80",
                "destination_port_ranges": [],
                "direction": "Inbound",
                "name": "http",
                "priority": 110,
                "protocol": "Tcp",
                "source_address_prefix": "*",
                "source_address_prefixes": [],
                "source_application_security_group_ids": [],
                "source_port_range": "*",
                "source_port_ranges": []
              },
              {
                "access": "Allow",
                "description": "Allow SSH access",
                "destination_address_prefix": "*",
                "destination_address_prefixes": [],
                "destination_application_security_group_ids": [],
                "destination_port_range": "22",
                "destination_port_ranges": [],
                "direction": "Inbound",
                "name": "ssh",
                "priority": 100,
                "protocol": "Tcp",
                "source_address_prefix": "*",
                "source_address_prefixes": [],
                "source_application_security_group_ids": [],
                "source_port_range": "*",
                "source_port_ranges": []
              }
            ],
            "tags": {}
          },
          "private": "bnVsbA==",
          "depends_on": [
            "azurerm_resource_group.generic"
          ]
        }
      ]
    },
    {
      "mode": "managed",
      "type": "azurerm_public_ip",
      "name": "http",
      "provider": "provider.azurerm",
      "instances": [
        {
          "schema_version": 0,
          "attributes": {
            "allocation_method": "Dynamic",
            "domain_name_label": null,
            "fqdn": null,
            "id": "/subscriptions/111f4101-1f5e-4e75-aa5f-f95a332f165a/resourceGroups/rg-test1/providers/Microsoft.Network/publicIPAddresses/http-pip",
            "idle_timeout_in_minutes": 4,
            "ip_address": "",
            "ip_version": "IPv4",
            "location": "northeurope",
            "name": "http-pip",
            "public_ip_address_allocation": "Dynamic",
            "public_ip_prefix_id": null,
            "resource_group_name": "rg-test1",
            "reverse_fqdn": null,
            "sku": "Basic",
            "tags": {},
            "zones": null
          },
          "private": "bnVsbA==",
          "depends_on": [
            "azurerm_resource_group.generic"
          ]
        }
      ]
    },
    {
      "mode": "managed",
      "type": "azurerm_resource_group",
      "name": "generic",
      "provider": "provider.azurerm",
      "instances": [
        {
          "schema_version": 0,
          "attributes": {
            "id": "/subscriptions/111f4101-1f5e-4e75-aa5f-f95a332f165a/resourceGroups/rg-test1",
            "location": "northeurope",
            "name": "rg-test1",
            "tags": {}
          },
          "private": "bnVsbA=="
        }
      ]
    },
    {
      "mode": "managed",
      "type": "azurerm_subnet",
      "name": "http",
      "provider": "provider.azurerm",
      "instances": [
        {
          "schema_version": 0,
          "attributes": {
            "address_prefix": "10.0.2.0/24",
            "delegation": [],
            "enforce_private_link_endpoint_network_policies": false,
            "enforce_private_link_service_network_policies": false,
            "id": "/subscriptions/111f4101-1f5e-4e75-aa5f-f95a332f165a/resourceGroups/rg-test1/providers/Microsoft.Network/virtualNetworks/network-generic/subnets/subnet-http",
            "ip_configurations": [],
            "name": "subnet-http",
            "network_security_group_id": "",
            "resource_group_name": "rg-test1",
            "route_table_id": "",
            "service_endpoints": null,
            "virtual_network_name": "network-generic"
          },
          "private": "bnVsbA==",
          "depends_on": [
            "azurerm_resource_group.generic",
            "azurerm_virtual_network.generic"
          ]
        }
      ]
    },
    {
      "mode": "managed",
      "type": "azurerm_virtual_machine",
      "name": "http",
      "provider": "provider.azurerm",
      "instances": [
        {
          "schema_version": 0,
          "attributes": {
            "additional_capabilities": [],
            "availability_set_id": null,
            "boot_diagnostics": [],
            "delete_data_disks_on_termination": true,
            "delete_os_disk_on_termination": true,
            "id": "/subscriptions/111f4101-1f5e-4e75-aa5f-f95a332f165a/resourceGroups/rg-test1/providers/Microsoft.Compute/virtualMachines/vm-http",
            "identity": [],
            "license_type": null,
            "location": "northeurope",
            "name": "vm-http",
            "network_interface_ids": [
              "/subscriptions/111f4101-1f5e-4e75-aa5f-f95a332f165a/resourceGroups/rg-test1/providers/Microsoft.Network/networkInterfaces/http-nic"
            ],
            "os_profile": [
              {
                "admin_password": "Password1234!",
                "admin_username": "testadmin",
                "computer_name": "hostname",
                "custom_data": "54ef538d7279cef1d0ab5dbbd1e98567740b239c"
              }
            ],
            "os_profile_linux_config": [
              {
                "disable_password_authentication": false,
                "ssh_keys": []
              }
            ],
            "os_profile_secrets": [],
            "os_profile_windows_config": [],
            "plan": [],
            "primary_network_interface_id": null,
            "proximity_placement_group_id": null,
            "resource_group_name": "rg-test1",
            "storage_data_disk": [],
            "storage_image_reference": [
              {
                "id": "",
                "offer": "UbuntuServer",
                "publisher": "Canonical",
                "sku": "18.04-LTS",
                "version": "latest"
              }
            ],
            "storage_os_disk": [
              {
                "caching": "ReadWrite",
                "create_option": "FromImage",
                "disk_size_gb": 30,
                "image_uri": "",
                "managed_disk_id": "/subscriptions/111f4101-1f5e-4e75-aa5f-f95a332f165a/resourceGroups/rg-test1/providers/Microsoft.Compute/disks/myosdisk1",
                "managed_disk_type": "Standard_LRS",
                "name": "myosdisk1",
                "os_type": "Linux",
                "vhd_uri": "",
                "write_accelerator_enabled": false
              }
            ],
            "tags": {},
            "vm_size": "Standard_A1_v2",
            "zones": null
          },
          "private": "bnVsbA==",
          "depends_on": [
            "azurerm_network_interface.http",
            "azurerm_resource_group.generic"
          ]
        }
      ]
    },
    {
      "mode": "managed",
      "type": "azurerm_virtual_network",
      "name": "generic",
      "provider": "provider.azurerm",
      "instances": [
        {
          "schema_version": 0,
          "attributes": {
            "address_space": [
              "10.0.0.0/16"
            ],
            "ddos_protection_plan": [],
            "dns_servers": null,
            "id": "/subscriptions/111f4101-1f5e-4e75-aa5f-f95a332f165a/resourceGroups/rg-test1/providers/Microsoft.Network/virtualNetworks/network-generic",
            "location": "northeurope",
            "name": "network-generic",
            "resource_group_name": "rg-test1",
            "subnet": [],
            "tags": {}
          },
          "private": "bnVsbA==",
          "depends_on": [
            "azurerm_resource_group.generic"
          ]
        }
      ]
    }
  ]
}
